PODS:
  - Capacitor (5.0.5):
    - CapacitorCordova
  - CapacitorApp (5.0.5):
    - Capacitor
  - CapacitorCamera (5.0.5):
    - Capacitor
  - CapacitorCordova (5.0.5)
  - CapacitorDevice (5.0.5):
    - Capacitor
  - CapacitorDialog (5.0.5):
    - Capacitor
  - CapacitorFilesystem (5.0.5):
    - Capacitor
  - CapacitorGeolocation (5.0.5):
    - Capacitor
  - CapacitorKeyboard (5.0.5):
    - Capacitor
  - CapacitorNetwork (5.0.5):
    - Capacitor
  - CapacitorPreferences (5.0.5):
    - Capacitor
  - CapacitorSplashScreen (5.0.5):
    - Capacitor

DEPENDENCIES:
  - "Capacitor (from `../../node_modules/@capacitor/ios`)"
  - "CapacitorApp (from `../../node_modules/@capacitor/app`)"
  - "CapacitorCamera (from `../../node_modules/@capacitor/camera`)"
  - "CapacitorCordova (from `../../node_modules/@capacitor/ios`)"
  - "CapacitorDevice (from `../../node_modules/@capacitor/device`)"
  - "CapacitorDialog (from `../../node_modules/@capacitor/dialog`)"
  - "CapacitorFilesystem (from `../../node_modules/@capacitor/filesystem`)"
  - "CapacitorGeolocation (from `../../node_modules/@capacitor/geolocation`)"
  - "CapacitorKeyboard (from `../../node_modules/@capacitor/keyboard`)"
  - "CapacitorNetwork (from `../../node_modules/@capacitor/network`)"
  - "CapacitorPreferences (from `../../node_modules/@capacitor/preferences`)"
  - "CapacitorSplashScreen (from `../../node_modules/@capacitor/splash-screen`)"

EXTERNAL SOURCES:
  Capacitor:
    :path: "../../node_modules/@capacitor/ios"
  CapacitorApp:
    :path: "../../node_modules/@capacitor/app"
  CapacitorCamera:
    :path: "../../node_modules/@capacitor/camera"
  CapacitorCordova:
    :path: "../../node_modules/@capacitor/ios"
  CapacitorDevice:
    :path: "../../node_modules/@capacitor/device"
  CapacitorDialog:
    :path: "../../node_modules/@capacitor/dialog"
  CapacitorFilesystem:
    :path: "../../node_modules/@capacitor/filesystem"
  CapacitorGeolocation:
    :path: "../../node_modules/@capacitor/geolocation"
  CapacitorKeyboard:
    :path: "../../node_modules/@capacitor/keyboard"
  CapacitorNetwork:
    :path: "../../node_modules/@capacitor/network"
  CapacitorPreferences:
    :path: "../../node_modules/@capacitor/preferences"
  CapacitorSplashScreen:
    :path: "../../node_modules/@capacitor/splash-screen"

SPEC CHECKSUMS:
  Capacitor: d783fbec2a6c4ec800b97e9fe91fb2d159883552
  CapacitorApp: cbae565f8b7a6a0c7776335d6cb8dc3a32ae913b
  CapacitorCamera: 377414112fa965aa693e3075e74a025aa8bedd14
  CapacitorCordova: f8c06b897c74ee8f7701fe10e6443b40822bc83a
  CapacitorDevice: abcf146cd1455ea9578fc153d12dd06adabd8f26
  CapacitorDialog: e9e1dc8d64064e74e75893e23271235512033a29
  CapacitorFilesystem: 0c22d8acd149c086d4870858dab6d471d5c36741
  CapacitorGeolocation: d3bea98fda331da437dd346264ce568e8f49a2e5
  CapacitorKeyboard: 8c80f3b39c7ce66550a98402aa650000cd0a6846
  CapacitorNetwork: 52b2ca864acec4955d79a64e47a3ecaae5e07f59
  CapacitorPreferences: 8d5f22f3e2cf4d27d7879094ad82bb2064aeb178
  CapacitorSplashScreen: 9df4c785ad8ff4fb05eaed2161e9b85a114e6862

PODFILE CHECKSUM: c7dc216589bfad2224a88e9ebfa926bb26a20ded

COCOAPODS: 1.16.2
